// !$*UTF8*$!
{
	archiveVersion = 1;
	classes = {
	};
	objectVersion = 46;
	objects = {

/* Begin PBXBuildFile section */
		DF5A11DAA4FFB2657CDCCE3B /* Pods_TinyCOnstraintsSample.framework in Frameworks */ = {isa = PBXBuildFile; fileRef = 38217020A050309A9BA676F0 /* Pods_TinyCOnstraintsSample.framework */; };
		E95117CD1EA24AFD008A1041 /* AppDelegate.swift in Sources */ = {isa = PBXBuildFile; fileRef = E95117CC1EA24AFD008A1041 /* AppDelegate.swift */; };
		E95117CF1EA24AFD008A1041 /* ViewController.swift in Sources */ = {isa = PBXBuildFile; fileRef = E95117CE1EA24AFD008A1041 /* ViewController.swift */; };
		E95117D21EA24AFD008A1041 /* Main.storyboard in Resources */ = {isa = PBXBuildFile; fileRef = E95117D01EA24AFD008A1041 /* Main.storyboard */; };
		E95117D41EA24AFD008A1041 /* Assets.xcassets in Resources */ = {isa = PBXBuildFile; fileRef = E95117D31EA24AFD008A1041 /* Assets.xcassets */; };
		E95117D71EA24AFD008A1041 /* LaunchScreen.storyboard in Resources */ = {isa = PBXBuildFile; fileRef = E95117D51EA24AFD008A1041 /* LaunchScreen.storyboard */; };
/* End PBXBuildFile section */

/* Begin PBXFileReference section */
		2CD89EB809D68E32A0C32859 /* Pods-TinyCOnstraintsSample.debug.xcconfig */ = {isa = PBXFileReference; includeInIndex = 1; lastKnownFileType = text.xcconfig; name = "Pods-TinyCOnstraintsSample.debug.xcconfig"; path = "Pods/Target Support Files/Pods-TinyCOnstraintsSample/Pods-TinyCOnstraintsSample.debug.xcconfig"; sourceTree = "<group>"; };
		38217020A050309A9BA676F0 /* Pods_TinyCOnstraintsSample.framework */ = {isa = PBXFileReference; explicitFileType = wrapper.framework; includeInIndex = 0; path = Pods_TinyCOnstraintsSample.framework; sourceTree = BUILT_PRODUCTS_DIR; };
		8BD95B2270988E264AD216E7 /* Pods-TinyCOnstraintsSample.release.xcconfig */ = {isa = PBXFileReference; includeInIndex = 1; lastKnownFileType = text.xcconfig; name = "Pods-TinyCOnstraintsSample.release.xcconfig"; path = "Pods/Target Support Files/Pods-TinyCOnstraintsSample/Pods-TinyCOnstraintsSample.release.xcconfig"; sourceTree = "<group>"; };
		E95117C91EA24AFD008A1041 /* TinyCOnstraintsSample.app */ = {isa = PBXFileReference; explicitFileType = wrapper.application; includeInIndex = 0; path = TinyCOnstraintsSample.app; sourceTree = BUILT_PRODUCTS_DIR; };
		E95117CC1EA24AFD008A1041 /* AppDelegate.swift */ = {isa = PBXFileReference; lastKnownFileType = sourcecode.swift; path = AppDelegate.swift; sourceTree = "<group>"; };
		E95117CE1EA24AFD008A1041 /* ViewController.swift */ = {isa = PBXFileReference; lastKnownFileType = sourcecode.swift; path = ViewController.swift; sourceTree = "<group>"; };
		E95117D11EA24AFD008A1041 /* Base */ = {isa = PBXFileReference; lastKnownFileType = file.storyboard; name = Base; path = Base.lproj/Main.storyboard; sourceTree = "<group>"; };
		E95117D31EA24AFD008A1041 /* Assets.xcassets */ = {isa = PBXFileReference; lastKnownFileType = folder.assetcatalog; path = Assets.xcassets; sourceTree = "<group>"; };
		E95117D61EA24AFD008A1041 /* Base */ = {isa = PBXFileReference; lastKnownFileType = file.storyboard; name = Base; path = Base.lproj/LaunchScreen.storyboard; sourceTree = "<group>"; };
		E95117D81EA24AFD008A1041 /* Info.plist */ = {isa = PBXFileReference; lastKnownFileType = text.plist.xml; path = Info.plist; sourceTree = "<group>"; };
/* End PBXFileReference section */

/* Begin PBXFrameworksBuildPhase section */
		E95117C61EA24AFD008A1041 /* Frameworks */ = {
			isa = PBXFrameworksBuildPhase;
			buildActionMask = 2147483647;
			files = (
				DF5A11DAA4FFB2657CDCCE3B /* Pods_TinyCOnstraintsSample.framework in Frameworks */,
			);
			runOnlyForDeploymentPostprocessing = 0;
		};
/* End PBXFrameworksBuildPhase section */

/* Begin PBXGroup section */
		083A36758B446622C02DEEC5 /* Pods */ = {
			isa = PBXGroup;
			children = (
				2CD89EB809D68E32A0C32859 /* Pods-TinyCOnstraintsSample.debug.xcconfig */,
				8BD95B2270988E264AD216E7 /* Pods-TinyCOnstraintsSample.release.xcconfig */,
			);
			name = Pods;
			sourceTree = "<group>";
		};
		571182477A85CA2976353764 /* Frameworks */ = {
			isa = PBXGroup;
			children = (
				38217020A050309A9BA676F0 /* Pods_TinyCOnstraintsSample.framework */,
			);
			name = Frameworks;
			sourceTree = "<group>";
		};
		E95117C01EA24AFD008A1041 = {
			isa = PBXGroup;
			children = (
				E95117CB1EA24AFD008A1041 /* TinyCOnstraintsSample */,
				E95117CA1EA24AFD008A1041 /* Products */,
				083A36758B446622C02DEEC5 /* Pods */,
				571182477A85CA2976353764 /* Frameworks */,
			);
			sourceTree = "<group>";
		};
		E95117CA1EA24AFD008A1041 /* Products */ = {
			isa = PBXGroup;
			children = (
				E95117C91EA24AFD008A1041 /* TinyCOnstraintsSample.app */,
			);
			name = Products;
			sourceTree = "<group>";
		};
		E95117CB1EA24AFD008A1041 /* TinyCOnstraintsSample */ = {
			isa = PBXGroup;
			children = (
				E95117CC1EA24AFD008A1041 /* AppDelegate.swift */,
				E95117CE1EA24AFD008A1041 /* ViewController.swift */,
				E95117D01EA24AFD008A1041 /* Main.storyboard */,
				E95117D31EA24AFD008A1041 /* Assets.xcassets */,
				E95117D51EA24AFD008A1041 /* LaunchScreen.storyboard */,
				E95117D81EA24AFD008A1041 /* Info.plist */,
			);
			path = TinyCOnstraintsSample;
			sourceTree = "<group>";
		};
/* End PBXGroup section */

/* Begin PBXNativeTarget section */
		E95117C81EA24AFD008A1041 /* TinyCOnstraintsSample */ = {
			isa = PBXNativeTarget;
			buildConfigurationList = E95117DB1EA24AFD008A1041 /* Build configuration list for PBXNativeTarget "TinyCOnstraintsSample" */;
			buildPhases = (
				96B74451DE96B60131CABBF2 /* [CP] Check Pods Manifest.lock */,
				E95117C51EA24AFD008A1041 /* Sources */,
				E95117C61EA24AFD008A1041 /* Frameworks */,
				E95117C71EA24AFD008A1041 /* Resources */,
				D8390AB0681A7A11F3820FD1 /* [CP] Embed Pods Frameworks */,
				4EB225296EDAE9D34EBEB01A /* [CP] Copy Pods Resources */,
			);
			buildRules = (
			);
			dependencies = (
			);
			name = TinyCOnstraintsSample;
			productName = TinyCOnstraintsSample;
			productReference = E95117C91EA24AFD008A1041 /* TinyCOnstraintsSample.app */;
			productType = "com.apple.product-type.application";
		};
/* End PBXNativeTarget section */

/* Begin PBXProject section */
		E95117C11EA24AFD008A1041 /* Project object */ = {
			isa = PBXProject;
			attributes = {
				LastSwiftUpdateCheck = 0830;
				LastUpgradeCheck = 0830;
				ORGANIZATIONNAME = mitake;
				TargetAttributes = {
					E95117C81EA24AFD008A1041 = {
						CreatedOnToolsVersion = 8.3.1;
						DevelopmentTeam = RHMWKTJDQ5;
						ProvisioningStyle = Automatic;
					};
				};
			};
			buildConfigurationList = E95117C41EA24AFD008A1041 /* Build configuration list for PBXProject "TinyCOnstraintsSample" */;
			compatibilityVersion = "Xcode 3.2";
			developmentRegion = English;
			hasScannedForEncodings = 0;
			knownRegions = (
				en,
				Base,
			);
			mainGroup = E95117C01EA24AFD008A1041;
			productRefGroup = E95117CA1EA24AFD008A1041 /* Products */;
			projectDirPath = "";
			projectRoot = "";
			targets = (
				E95117C81EA24AFD008A1041 /* TinyCOnstraintsSample */,
			);
		};
/* End PBXProject section */

/* Begin PBXResourcesBuildPhase section */
		E95117C71EA24AFD008A1041 /* Resources */ = {
			isa = PBXResourcesBuildPhase;
			buildActionMask = 2147483647;
			files = (
				E95117D71EA24AFD008A1041 /* LaunchScreen.storyboard in Resources */,
				E95117D41EA24AFD008A1041 /* Assets.xcassets in Resources */,
				E95117D21EA24AFD008A1041 /* Main.storyboard in Resources */,
			);
			runOnlyForDeploymentPostprocessing = 0;
		};
/* End PBXResourcesBuildPhase section */

/* Begin PBXShellScriptBuildPhase section */
		4EB225296EDAE9D34EBEB01A /* [CP] Copy Pods Resources */ = {
			isa = PBXShellScriptBuildPhase;
			buildActionMask = 2147483647;
			files = (
			);
			inputPaths = (
			);
			name = "[CP] Copy Pods Resources";
			outputPaths = (
			);
			runOnlyForDeploymentPostprocessing = 0;
			shellPath = /bin/sh;
			shellScript = "\"${SRCROOT}/Pods/Target Support Files/Pods-TinyCOnstraintsSample/Pods-TinyCOnstraintsSample-resources.sh\"\n";
			showEnvVarsInLog = 0;
		};
		96B74451DE96B60131CABBF2 /* [CP] Check Pods Manifest.lock */ = {
			isa = PBXShellScriptBuildPhase;
			buildActionMask = 2147483647;
			files = (
			);
			inputPaths = (
			);
			name = "[CP] Check Pods Manifest.lock";
			outputPaths = (
			);
			runOnlyForDeploymentPostprocessing = 0;
			shellPath = /bin/sh;
			shellScript = "diff \"${PODS_ROOT}/../Podfile.lock\" \"${PODS_ROOT}/Manifest.lock\" > /dev/null\nif [ $? != 0 ] ; then\n    # print error to STDERR\n    echo \"error: The sandbox is not in sync with the Podfile.lock. Run 'pod install' or update your CocoaPods installation.\" >&2\n    exit 1\nfi\n";
			showEnvVarsInLog = 0;
		};
		D8390AB0681A7A11F3820FD1 /* [CP] Embed Pods Frameworks */ = {
			isa = PBXShellScriptBuildPhase;
			buildActionMask = 2147483647;
			files = (
			);
			inputPaths = (
			);
			name = "[CP] Embed Pods Frameworks";
			outputPaths = (
			);
			runOnlyForDeploymentPostprocessing = 0;
			shellPath = /bin/sh;
			shellScript = "\"${SRCROOT}/Pods/Target Support Files/Pods-TinyCOnstraintsSample/Pods-TinyCOnstraintsSample-frameworks.sh\"\n";
			showEnvVarsInLog = 0;
		};
/* End PBXShellScriptBuildPhase section */

/* Begin PBXSourcesBuildPhase section */
		E95117C51EA24AFD008A1041 /* Sources */ = {
			isa = PBXSourcesBuildPhase;
			buildActionMask = 2147483647;
			files = (
				E95117CF1EA24AFD008A1041 /* ViewController.swift in Sources */,
				E95117CD1EA24AFD008A1041 /* AppDelegate.swift in Sources */,
			);
			runOnlyForDeploymentPostprocessing = 0;
		};
/* End PBXSourcesBuildPhase section */

/* Begin PBXVariantGroup section */
		E95117D01EA24AFD008A1041 /* Main.storyboard */ = {
			isa = PBXVariantGroup;
			children = (
				E95117D11EA24AFD008A1041 /* Base */,
			);
			name = Main.storyboard;
			sourceTree = "<group>";
		};
		E95117D51EA24AFD008A1041 /* LaunchScreen.storyboard */ = {
			isa = PBXVariantGroup;
			children = (
				E95117D61EA24AFD008A1041 /* Base */,
			);
			name = LaunchScreen.storyboard;
			sourceTree = "<group>";
		};
/* End PBXVariantGroup section */

/* Begin XCBuildConfiguration section */
		E95117D91EA24AFD008A1041 /* Debug */ = {
			isa = XCBuildConfiguration;
			buildSettings = {
				ALWAYS_SEARCH_USER_PATHS = NO;
				CLANG_ANALYZER_NONNULL = YES;
				CLANG_ANALYZER_NUMBER_OBJECT_CONVERSION = YES_AGGRESSIVE;
				CLANG_CXX_LANGUAGE_STANDARD = "gnu++0x";
				CLANG_CXX_LIBRARY = "libc++";
				CLANG_ENABLE_MODULES = YES;
				CLANG_ENABLE_OBJC_ARC = YES;
				CLANG_WARN_BOOL_CONVERSION = YES;
				CLANG_WARN_CONSTANT_CONVERSION = YES;
				CLANG_WARN_DIRECT_OBJC_ISA_USAGE = YES_ERROR;
				CLANG_WARN_DOCUMENTATION_COMMENTS = YES;
				CLANG_WARN_EMPTY_BODY = YES;
				CLANG_WARN_ENUM_CONVERSION = YES;
				CLANG_WARN_INFINITE_RECURSION = YES;
				CLANG_WARN_INT_CONVERSION = YES;
				CLANG_WARN_OBJC_ROOT_CLASS = YES_ERROR;
				CLANG_WARN_SUSPICIOUS_MOVE = YES;
				CLANG_WARN_UNREACHABLE_CODE = YES;
				CLANG_WARN__DUPLICATE_METHOD_MATCH = YES;
				"CODE_SIGN_IDENTITY[sdk=iphoneos*]" = "iPhone Developer";
				COPY_PHASE_STRIP = NO;
				DEBUG_INFORMATION_FORMAT = dwarf;
				ENABLE_STRICT_OBJC_MSGSEND = YES;
				ENABLE_TESTABILITY = YES;
				GCC_C_LANGUAGE_STANDARD = gnu99;
				GCC_DYNAMIC_NO_PIC = NO;
				GCC_NO_COMMON_BLOCKS = YES;
				GCC_OPTIMIZATION_LEVEL = 0;
				GCC_PREPROCESSOR_DEFINITIONS = (
					"DEBUG=1",
					"$(inherited)",
				);
				GCC_WARN_64_TO_32_BIT_CONVERSION = YES;
				GCC_WARN_ABOUT_RETURN_TYPE = YES_ERROR;
				GCC_WARN_UNDECLARED_SELECTOR = YES;
				GCC_WARN_UNINITIALIZED_AUTOS = YES_AGGRESSIVE;
				GCC_WARN_UNUSED_FUNCTION = YES;
				GCC_WARN_UNUSED_VARIABLE = YES;
				IPHONEOS_DEPLOYMENT_TARGET = 10.3;
				MTL_ENABLE_DEBUG_INFO = YES;
				ONLY_ACTIVE_ARCH = YES;
				SDKROOT = iphoneos;
				SWIFT_ACTIVE_COMPILATION_CONDITIONS = DEBUG;
				SWIFT_OPTIMIZATION_LEVEL = "-Onone";
			};
			name = Debug;
		};
		E95117DA1EA24AFD008A1041 /* Release */ = {
			isa = XCBuildConfiguration;
			buildSettings = {
				ALWAYS_SEARCH_USER_PATHS = NO;
				CLANG_ANALYZER_NONNULL = YES;
				CLANG_ANALYZER_NUMBER_OBJECT_CONVERSION = YES_AGGRESSIVE;
				CLANG_CXX_LANGUAGE_STANDARD = "gnu++0x";
				CLANG_CXX_LIBRARY = "libc++";
				CLANG_ENABLE_MODULES = YES;
				CLANG_ENABLE_OBJC_ARC = YES;
				CLANG_WARN_BOOL_CONVERSION = YES;
				CLANG_WARN_CONSTANT_CONVERSION = YES;
				CLANG_WARN_DIRECT_OBJC_ISA_USAGE = YES_ERROR;
				CLANG_WARN_DOCUMENTATION_COMMENTS = YES;
				CLANG_WARN_EMPTY_BODY = YES;
				CLANG_WARN_ENUM_CONVERSION = YES;
				CLANG_WARN_INFINITE_RECURSION = YES;
				CLANG_WARN_INT_CONVERSION = YES;
				CLANG_WARN_OBJC_ROOT_CLASS = YES_ERROR;
				CLANG_WARN_SUSPICIOUS_MOVE = YES;
				CLANG_WARN_UNREACHABLE_CODE = YES;
				CLANG_WARN__DUPLICATE_METHOD_MATCH = YES;
				"CODE_SIGN_IDENTITY[sdk=iphoneos*]" = "iPhone Developer";
				COPY_PHASE_STRIP = NO;
				DEBUG_INFORMATION_FORMAT = "dwarf-with-dsym";
				ENABLE_NS_ASSERTIONS = NO;
				ENABLE_STRICT_OBJC_MSGSEND = YES;
				GCC_C_LANGUAGE_STANDARD = gnu99;
				GCC_NO_COMMON_BLOCKS = YES;
				GCC_WARN_64_TO_32_BIT_CONVERSION = YES;
				GCC_WARN_ABOUT_RETURN_TYPE = YES_ERROR;
				GCC_WARN_UNDECLARED_SELECTOR = YES;
				GCC_WARN_UNINITIALIZED_AUTOS = YES_AGGRESSIVE;
				GCC_WARN_UNUSED_FUNCTION = YES;
				GCC_WARN_UNUSED_VARIABLE = YES;
				IPHONEOS_DEPLOYMENT_TARGET = 10.3;
				MTL_ENABLE_DEBUG_INFO = NO;
				SDKROOT = iphoneos;
				SWIFT_OPTIMIZATION_LEVEL = "-Owholemodule";
				VALIDATE_PRODUCT = YES;
			};
			name = Release;
		};
		E95117DC1EA24AFD008A1041 /* Debug */ = {
			isa = XCBuildConfiguration;
			baseConfigurationReference = 2CD89EB809D68E32A0C32859 /* Pods-TinyCOnstraintsSample.debug.xcconfig */;
			buildSettings = {
				ASSETCATALOG_COMPILER_APPICON_NAME = AppIcon;
				DEVELOPMENT_TEAM = RHMWKTJDQ5;
				INFOPLIST_FILE = TinyCOnstraintsSample/Info.plist;
				LD_RUNPATH_SEARCH_PATHS = "$(inherited) @executable_path/Frameworks";
				PRODUCT_BUNDLE_IDENTIFIER = mitake.org.TinyCOnstraintsSample;
				PRODUCT_NAME = "$(TARGET_NAME)";
				SWIFT_VERSION = 3.0;
			};
			name = Debug;
		};
		E95117DD1EA24AFD008A1041 /* Release */ = {
			isa = XCBuildConfiguration;
			baseConfigurationReference = 8BD95B2270988E264AD216E7 /* Pods-TinyCOnstraintsSample.release.xcconfig */;
			buildSettings = {
				ASSETCATALOG_COMPILER_APPICON_NAME = AppIcon;
				DEVELOPMENT_TEAM = RHMWKTJDQ5;
				INFOPLIST_FILE = TinyCOnstraintsSample/Info.plist;
				LD_RUNPATH_SEARCH_PATHS = "$(inherited) @executable_path/Frameworks";
				PRODUCT_BUNDLE_IDENTIFIER = mitake.org.TinyCOnstraintsSample;
				PRODUCT_NAME = "$(TARGET_NAME)";
				SWIFT_VERSION = 3.0;
			};
			name = Release;
		};
/* End XCBuildConfiguration section */

/* Begin XCConfigurationList section */
		E95117C41EA24AFD008A1041 /* Build configuration list for PBXProject "TinyCOnstraintsSample" */ = {
			isa = XCConfigurationList;
			buildConfigurations = (
				E95117D91EA24AFD008A1041 /* Debug */,
				E95117DA1EA24AFD008A1041 /* Release */,
			);
			defaultConfigurationIsVisible = 0;
			defaultConfigurationName = Release;
		};
		E95117DB1EA24AFD008A1041 /* Build configuration list for PBXNativeTarget "TinyCOnstraintsSample" */ = {
			isa = XCConfigurationList;
			buildConfigurations = (
				E95117DC1EA24AFD008A1041 /* Debug */,
				E95117DD1EA24AFD008A1041 /* Release */,
			);
			defaultConfigurationIsVisible = 0;
		};
/* End XCConfigurationList section */
	};
	rootObject = E95117C11EA24AFD008A1041 /* Project object */;
}
